
Microsoft Visual Studio Solution File, Format Version 12.00
# Visual Studio Version 17
VisualStudioVersion = 17.14.36414.22 d17.14
MinimumVisualStudioVersion = 10.0.40219.1
Project("{FAE04EC0-301F-11D3-BF4B-00C04F79EFBC}") = "Pizza Project", "Pizza Project.csproj", "{78920C7B-5AAE-494E-98CF-E57703D41488}"
EndProject
Global
	GlobalSection(SolutionConfigurationPlatforms) = preSolution
		Debug|Any CPU = Debug|Any CPU
		Release|Any CPU = Release|Any CPU
	EndGlobalSection
	GlobalSection(ProjectConfigurationPlatforms) = postSolution
		{78920C7B-5AAE-494E-98CF-E57703D41488}.Debug|Any CPU.ActiveCfg = Debug|Any CPU
		{78920C7B-5AAE-494E-98CF-E57703D41488}.Debug|Any CPU.Build.0 = Debug|Any CPU
		{78920C7B-5AAE-494E-98CF-E57703D41488}.Release|Any CPU.ActiveCfg = Release|Any CPU
		{78920C7B-5AAE-494E-98CF-E57703D41488}.Release|Any CPU.Build.0 = Release|Any CPU
	EndGlobalSection
	GlobalSection(SolutionProperties) = preSolution
		HideSolutionNode = FALSE
	EndGlobalSection
	GlobalSection(ExtensibilityGlobals) = postSolution
		SolutionGuid = {38B98A54-FB97-4655-8F0C-DA8282E9AAC5}
	EndGlobalSection
EndGlobal
